// !$*UTF8*$!
{
	archiveVersion = 1;
	classes = {
	};
	objectVersion = 46;
	objects = {

/* Begin PBXBuildFile section */
		BE37FFED1CC2850E004ACE7C /* AppDelegate.swift in Sources */ = {isa = PBXBuildFile; fileRef = BE37FFEC1CC2850E004ACE7C /* AppDelegate.swift */; };
		BE37FFEF1CC2850E004ACE7C /* FriendListViewController.swift in Sources */ = {isa = PBXBuildFile; fileRef = BE37FFEE1CC2850E004ACE7C /* FriendListViewController.swift */; };
		BE37FFF21CC2850E004ACE7C /* Main.storyboard in Resources */ = {isa = PBXBuildFile; fileRef = BE37FFF01CC2850E004ACE7C /* Main.storyboard */; };
		BE37FFF41CC2850E004ACE7C /* Assets.xcassets in Resources */ = {isa = PBXBuildFile; fileRef = BE37FFF31CC2850E004ACE7C /* Assets.xcassets */; };
		BE37FFF71CC2850E004ACE7C /* LaunchScreen.storyboard in Resources */ = {isa = PBXBuildFile; fileRef = BE37FFF51CC2850E004ACE7C /* LaunchScreen.storyboard */; };
		BE5D435B1CC3223F009CAAB2 /* FriendDetailViewController.swift in Sources */ = {isa = PBXBuildFile; fileRef = BE5D435A1CC3223F009CAAB2 /* FriendDetailViewController.swift */; };
		BE5D435D1CC32D38009CAAB2 /* Friend.swift in Sources */ = {isa = PBXBuildFile; fileRef = BE5D435C1CC32D38009CAAB2 /* Friend.swift */; };
/* End PBXBuildFile section */

/* Begin PBXFileReference section */
		BE37FFE91CC2850E004ACE7C /* PalBoard.app */ = {isa = PBXFileReference; explicitFileType = wrapper.application; includeInIndex = 0; path = PalBoard.app; sourceTree = BUILT_PRODUCTS_DIR; };
		BE37FFEC1CC2850E004ACE7C /* AppDelegate.swift */ = {isa = PBXFileReference; lastKnownFileType = sourcecode.swift; path = AppDelegate.swift; sourceTree = "<group>"; };
		BE37FFEE1CC2850E004ACE7C /* FriendListViewController.swift */ = {isa = PBXFileReference; lastKnownFileType = sourcecode.swift; path = FriendListViewController.swift; sourceTree = "<group>"; };
		BE37FFF11CC2850E004ACE7C /* Base */ = {isa = PBXFileReference; lastKnownFileType = file.storyboard; name = Base; path = Base.lproj/Main.storyboard; sourceTree = "<group>"; };
		BE37FFF31CC2850E004ACE7C /* Assets.xcassets */ = {isa = PBXFileReference; lastKnownFileType = folder.assetcatalog; path = Assets.xcassets; sourceTree = "<group>"; };
		BE37FFF61CC2850E004ACE7C /* Base */ = {isa = PBXFileReference; lastKnownFileType = file.storyboard; name = Base; path = Base.lproj/LaunchScreen.storyboard; sourceTree = "<group>"; };
		BE37FFF81CC2850E004ACE7C /* Info.plist */ = {isa = PBXFileReference; lastKnownFileType = text.plist.xml; path = Info.plist; sourceTree = "<group>"; };
		BE5D435A1CC3223F009CAAB2 /* FriendDetailViewController.swift */ = {isa = PBXFileReference; fileEncoding = 4; lastKnownFileType = sourcecode.swift; path = FriendDetailViewController.swift; sourceTree = "<group>"; };
		BE5D435C1CC32D38009CAAB2 /* Friend.swift */ = {isa = PBXFileReference; fileEncoding = 4; lastKnownFileType = sourcecode.swift; path = Friend.swift; sourceTree = "<group>"; };
/* End PBXFileReference section */

/* Begin PBXFrameworksBuildPhase section */
		BE37FFE61CC2850E004ACE7C /* Frameworks */ = {
			isa = PBXFrameworksBuildPhase;
			buildActionMask = 2147483647;
			files = (
			);
			runOnlyForDeploymentPostprocessing = 0;
		};
/* End PBXFrameworksBuildPhase section */

/* Begin PBXGroup section */
		BE37FFE01CC2850E004ACE7C = {
			isa = PBXGroup;
			children = (
				BE37FFEB1CC2850E004ACE7C /* PalBoard */,
				BE37FFEA1CC2850E004ACE7C /* Products */,
			);
			sourceTree = "<group>";
		};
		BE37FFEA1CC2850E004ACE7C /* Products */ = {
			isa = PBXGroup;
			children = (
				BE37FFE91CC2850E004ACE7C /* PalBoard.app */,
			);
			name = Products;
			sourceTree = "<group>";
		};
		BE37FFEB1CC2850E004ACE7C /* PalBoard */ = {
			isa = PBXGroup;
			children = (
				BE37FFEC1CC2850E004ACE7C /* AppDelegate.swift */,
				BE37FFEE1CC2850E004ACE7C /* FriendListViewController.swift */,
				BE5D435A1CC3223F009CAAB2 /* FriendDetailViewController.swift */,
				BE5D435C1CC32D38009CAAB2 /* Friend.swift */,
				BE37FFF01CC2850E004ACE7C /* Main.storyboard */,
				BE37FFF31CC2850E004ACE7C /* Assets.xcassets */,
				BE37FFF51CC2850E004ACE7C /* LaunchScreen.storyboard */,
				BE37FFF81CC2850E004ACE7C /* Info.plist */,
			);
			path = PalBoard;
			sourceTree = "<group>";
		};
/* End PBXGroup section */

/* Begin PBXNativeTarget section */
		BE37FFE81CC2850E004ACE7C /* PalBoard */ = {
			isa = PBXNativeTarget;
			buildConfigurationList = BE37FFFB1CC2850E004ACE7C /* Build configuration list for PBXNativeTarget "PalBoard" */;
			buildPhases = (
				BE37FFE51CC2850E004ACE7C /* Sources */,
				BE37FFE61CC2850E004ACE7C /* Frameworks */,
				BE37FFE71CC2850E004ACE7C /* Resources */,
			);
			buildRules = (
			);
			dependencies = (
			);
			name = PalBoard;
			productName = PalBoard;
			productReference = BE37FFE91CC2850E004ACE7C /* PalBoard.app */;
			productType = "com.apple.product-type.application";
		};
/* End PBXNativeTarget section */

/* Begin PBXProject section */
		BE37FFE11CC2850E004ACE7C /* Project object */ = {
			isa = PBXProject;
			attributes = {
				LastSwiftUpdateCheck = 0730;
				LastUpgradeCheck = 0730;
				ORGANIZATIONNAME = "Josh Kim";
				TargetAttributes = {
					BE37FFE81CC2850E004ACE7C = {
						CreatedOnToolsVersion = 7.3;
						DevelopmentTeam = YL6PCBWLUV;
					};
				};
			};
			buildConfigurationList = BE37FFE41CC2850E004ACE7C /* Build configuration list for PBXProject "PalBoard" */;
			compatibilityVersion = "Xcode 3.2";
			developmentRegion = English;
			hasScannedForEncodings = 0;
			knownRegions = (
				en,
				Base,
			);
			mainGroup = BE37FFE01CC2850E004ACE7C;
			productRefGroup = BE37FFEA1CC2850E004ACE7C /* Products */;
			projectDirPath = "";
			projectRoot = "";
			targets = (
				BE37FFE81CC2850E004ACE7C /* PalBoard */,
			);
		};
/* End PBXProject section */

/* Begin PBXResourcesBuildPhase section */
		BE37FFE71CC2850E004ACE7C /* Resources */ = {
			isa = PBXResourcesBuildPhase;
			buildActionMask = 2147483647;
			files = (
				BE37FFF71CC2850E004ACE7C /* LaunchScreen.storyboard in Resources */,
				BE37FFF41CC2850E004ACE7C /* Assets.xcassets in Resources */,
				BE37FFF21CC2850E004ACE7C /* Main.storyboard in Resources */,
			);
			runOnlyForDeploymentPostprocessing = 0;
		};
/* End PBXResourcesBuildPhase section */

/* Begin PBXSourcesBuildPhase section */
		BE37FFE51CC2850E004ACE7C /* Sources */ = {
			isa = PBXSourcesBuildPhase;
			buildActionMask = 2147483647;
			files = (
				BE37FFEF1CC2850E004ACE7C /* FriendListViewController.swift in Sources */,
				BE37FFED1CC2850E004ACE7C /* AppDelegate.swift in Sources */,
				BE5D435B1CC3223F009CAAB2 /* FriendDetailViewController.swift in Sources */,
				BE5D435D1CC32D38009CAAB2 /* Friend.swift in Sources */,
			);
			runOnlyForDeploymentPostprocessing = 0;
		};
/* End PBXSourcesBuildPhase section */

/* Begin PBXVariantGroup section */
		BE37FFF01CC2850E004ACE7C /* Main.storyboard */ = {
			isa = PBXVariantGroup;
			children = (
				BE37FFF11CC2850E004ACE7C /* Base */,
			);
			name = Main.storyboard;
			sourceTree = "<group>";
		};
		BE37FFF51CC2850E004ACE7C /* LaunchScreen.storyboard */ = {
			isa = PBXVariantGroup;
			children = (
				BE37FFF61CC2850E004ACE7C /* Base */,
			);
			name = LaunchScreen.storyboard;
			sourceTree = "<group>";
		};
/* End PBXVariantGroup section */

/* Begin XCBuildConfiguration section */
		BE37FFF91CC2850E004ACE7C /* Debug */ = {
			isa = XCBuildConfiguration;
			buildSettings = {
				ALWAYS_SEARCH_USER_PATHS = NO;
				CLANG_ANALYZER_NONNULL = YES;
				CLANG_CXX_LANGUAGE_STANDARD = "gnu++0x";
				CLANG_CXX_LIBRARY = "libc++";
				CLANG_ENABLE_MODULES = YES;
				CLANG_ENABLE_OBJC_ARC = YES;
				CLANG_WARN_BOOL_CONVERSION = YES;
				CLANG_WARN_CONSTANT_CONVERSION = YES;
				CLANG_WARN_DIRECT_OBJC_ISA_USAGE = YES_ERROR;
				CLANG_WARN_EMPTY_BODY = YES;
				CLANG_WARN_ENUM_CONVERSION = YES;
				CLANG_WARN_INT_CONVERSION = YES;
				CLANG_WARN_OBJC_ROOT_CLASS = YES_ERROR;
				CLANG_WARN_UNREACHABLE_CODE = YES;
				CLANG_WARN__DUPLICATE_METHOD_MATCH = YES;
				"CODE_SIGN_IDENTITY[sdk=iphoneos*]" = "iPhone Developer";
				COPY_PHASE_STRIP = NO;
				DEBUG_INFORMATION_FORMAT = dwarf;
				ENABLE_STRICT_OBJC_MSGSEND = YES;
				ENABLE_TESTABILITY = YES;
				GCC_C_LANGUAGE_STANDARD = gnu99;
				GCC_DYNAMIC_NO_PIC = NO;
				GCC_NO_COMMON_BLOCKS = YES;
				GCC_OPTIMIZATION_LEVEL = 0;
				GCC_PREPROCESSOR_DEFINITIONS = (
					"DEBUG=1",
					"$(inherited)",
				);
				GCC_WARN_64_TO_32_BIT_CONVERSION = YES;
				GCC_WARN_ABOUT_RETURN_TYPE = YES_ERROR;
				GCC_WARN_UNDECLARED_SELECTOR = YES;
				GCC_WARN_UNINITIALIZED_AUTOS = YES_AGGRESSIVE;
				GCC_WARN_UNUSED_FUNCTION = YES;
				GCC_WARN_UNUSED_VARIABLE = YES;
				IPHONEOS_DEPLOYMENT_TARGET = 9.3;
				MTL_ENABLE_DEBUG_INFO = YES;
				ONLY_ACTIVE_ARCH = YES;
				SDKROOT = iphoneos;
				SWIFT_OPTIMIZATION_LEVEL = "-Onone";
			};
			name = Debug;
		};
		BE37FFFA1CC2850E004ACE7C /* Release */ = {
			isa = XCBuildConfiguration;
			buildSettings = {
				ALWAYS_SEARCH_USER_PATHS = NO;
				CLANG_ANALYZER_NONNULL = YES;
				CLANG_CXX_LANGUAGE_STANDARD = "gnu++0x";
				CLANG_CXX_LIBRARY = "libc++";
				CLANG_ENABLE_MODULES = YES;
				CLANG_ENABLE_OBJC_ARC = YES;
				CLANG_WARN_BOOL_CONVERSION = YES;
				CLANG_WARN_CONSTANT_CONVERSION = YES;
				CLANG_WARN_DIRECT_OBJC_ISA_USAGE = YES_ERROR;
				CLANG_WARN_EMPTY_BODY = YES;
				CLANG_WARN_ENUM_CONVERSION = YES;
				CLANG_WARN_INT_CONVERSION = YES;
				CLANG_WARN_OBJC_ROOT_CLASS = YES_ERROR;
				CLANG_WARN_UNREACHABLE_CODE = YES;
				CLANG_WARN__DUPLICATE_METHOD_MATCH = YES;
				"CODE_SIGN_IDENTITY[sdk=iphoneos*]" = "iPhone Developer";
				COPY_PHASE_STRIP = NO;
				DEBUG_INFORMATION_FORMAT = "dwarf-with-dsym";
				ENABLE_NS_ASSERTIONS = NO;
				ENABLE_STRICT_OBJC_MSGSEND = YES;
				GCC_C_LANGUAGE_STANDARD = gnu99;
				GCC_NO_COMMON_BLOCKS = YES;
				GCC_WARN_64_TO_32_BIT_CONVERSION = YES;
				GCC_WARN_ABOUT_RETURN_TYPE = YES_ERROR;
				GCC_WARN_UNDECLARED_SELECTOR = YES;
				GCC_WARN_UNINITIALIZED_AUTOS = YES_AGGRESSIVE;
				GCC_WARN_UNUSED_FUNCTION = YES;
				GCC_WARN_UNUSED_VARIABLE = YES;
				IPHONEOS_DEPLOYMENT_TARGET = 9.3;
				MTL_ENABLE_DEBUG_INFO = NO;
				SDKROOT = iphoneos;
				VALIDATE_PRODUCT = YES;
			};
			name = Release;
		};
		BE37FFFC1CC2850E004ACE7C /* Debug */ = {
			isa = XCBuildConfiguration;
			buildSettings = {
				ASSETCATALOG_COMPILER_APPICON_NAME = AppIcon;
				INFOPLIST_FILE = PalBoard/Info.plist;
				LD_RUNPATH_SEARCH_PATHS = "$(inherited) @executable_path/Frameworks";
				PRODUCT_BUNDLE_IDENTIFIER = projects.joshy.PalBoard;
				PRODUCT_NAME = "$(TARGET_NAME)";
			};
			name = Debug;
		};
		BE37FFFD1CC2850E004ACE7C /* Release */ = {
			isa = XCBuildConfiguration;
			buildSettings = {
				ASSETCATALOG_COMPILER_APPICON_NAME = AppIcon;
				INFOPLIST_FILE = PalBoard/Info.plist;
				LD_RUNPATH_SEARCH_PATHS = "$(inherited) @executable_path/Frameworks";
				PRODUCT_BUNDLE_IDENTIFIER = projects.joshy.PalBoard;
				PRODUCT_NAME = "$(TARGET_NAME)";
			};
			name = Release;
		};
/* End XCBuildConfiguration section */

/* Begin XCConfigurationList section */
		BE37FFE41CC2850E004ACE7C /* Build configuration list for PBXProject "PalBoard" */ = {
			isa = XCConfigurationList;
			buildConfigurations = (
				BE37FFF91CC2850E004ACE7C /* Debug */,
				BE37FFFA1CC2850E004ACE7C /* Release */,
			);
			defaultConfigurationIsVisible = 0;
			defaultConfigurationName = Release;
		};
		BE37FFFB1CC2850E004ACE7C /* Build configuration list for PBXNativeTarget "PalBoard" */ = {
			isa = XCConfigurationList;
			buildConfigurations = (
				BE37FFFC1CC2850E004ACE7C /* Debug */,
				BE37FFFD1CC2850E004ACE7C /* Release */,
			);
			defaultConfigurationIsVisible = 0;
			defaultConfigurationName = Release;
		};
/* End XCConfigurationList section */
	};
	rootObject = BE37FFE11CC2850E004ACE7C /* Project object */;
}
